
Microsoft Visual Studio Solution File, Format Version 12.00
# Visual Studio Version 17
VisualStudioVersion = 17.4.33110.190
MinimumVisualStudioVersion = 10.0.40219.1
Project("{8BC9CEB8-8B4A-11D0-8D11-00A0C91BC942}") = "ADS_Lab01", "ADS_Lab01\ADS_Lab01.vcxproj", "{212D6379-3F36-4806-B0EF-AF05EC90F451}"
EndProject
Project("{8BC9CEB8-8B4A-11D0-8D11-00A0C91BC942}") = "ads-lab2", "ads-lab2\ads-lab2.vcxproj", "{E26A1B25-CE4B-4B56-8155-C87AFAEC8E8C}"
EndProject
Project("{8BC9CEB8-8B4A-11D0-8D11-00A0C91BC942}") = "ADS-Lab3", "ADS-Lab3\ADS-Lab3.vcxproj", "{A8011160-E4EA-4248-A8F9-FB906CD36240}"
EndProject
Project("{8BC9CEB8-8B4A-11D0-8D11-00A0C91BC942}") = "ADS-Lab4", "ADS-Lab4\ADS-Lab4.vcxproj", "{9B66639A-A522-4E2A-A21B-6C9617840E28}"
EndProject
Project("{8BC9CEB8-8B4A-11D0-8D11-00A0C91BC942}") = "ads-lab5", "ads-lab5\ads-lab5.vcxproj", "{C49D3E8B-6A09-4BD9-8858-399A3AE7D755}"
EndProject
Project("{8BC9CEB8-8B4A-11D0-8D11-00A0C91BC942}") = "ADS-Lab6", "ADS-Lab6\ADS-Lab6.vcxproj", "{B37B454C-947E-4C28-9B59-312E93143A2A}"
EndProject
Project("{8BC9CEB8-8B4A-11D0-8D11-00A0C91BC942}") = "ADS-Lab7 i guess", "ADS-Lab7 i guess\ADS-Lab7 i guess.vcxproj", "{61320966-3273-4F04-82ED-556AC297EBA3}"
EndProject
Project("{8BC9CEB8-8B4A-11D0-8D11-00A0C91BC942}") = "ads-lab8", "ads-lab8\ads-lab8.vcxproj", "{3153B772-E252-429A-B54A-E8E6F36DBDF6}"
EndProject
Project("{8BC9CEB8-8B4A-11D0-8D11-00A0C91BC942}") = "ADS-lab9", "ADS-lab9\ADS-lab9.vcxproj", "{202DBB8D-D17D-4697-ACB0-779C929A3383}"
EndProject
Project("{8BC9CEB8-8B4A-11D0-8D11-00A0C91BC942}") = "ADS-Lab10", "ADS-Lab10\ADS-Lab10.vcxproj", "{004A6F27-96BC-4824-B1D4-F9F910F0E57D}"
EndProject
Project("{8BC9CEB8-8B4A-11D0-8D11-00A0C91BC942}") = "ADS-Lab11", "ADS-Lab11\ADS-Lab11.vcxproj", "{9BA6226C-FBFA-409F-9C00-ACCB824F4D58}"
EndProject
Project("{8BC9CEB8-8B4A-11D0-8D11-00A0C91BC942}") = "ADS Lab 12", "ADS Lab 12\ADS Lab 12.vcxproj", "{6A3EFA94-BA18-44E4-BB23-CCE6311254A0}"
EndProject
Project("{8BC9CEB8-8B4A-11D0-8D11-00A0C91BC942}") = "ads-ogLab4", "ads-ogLab4\ads-ogLab4.vcxproj", "{97ABF903-C22F-4B67-8483-95D071148661}"
EndProject
Global
	GlobalSection(SolutionConfigurationPlatforms) = preSolution
		Debug|x64 = Debug|x64
		Debug|x86 = Debug|x86
		Release|x64 = Release|x64
		Release|x86 = Release|x86
	EndGlobalSection
	GlobalSection(ProjectConfigurationPlatforms) = postSolution
		{212D6379-3F36-4806-B0EF-AF05EC90F451}.Debug|x64.ActiveCfg = Debug|x64
		{212D6379-3F36-4806-B0EF-AF05EC90F451}.Debug|x64.Build.0 = Debug|x64
		{212D6379-3F36-4806-B0EF-AF05EC90F451}.Debug|x86.ActiveCfg = Debug|Win32
		{212D6379-3F36-4806-B0EF-AF05EC90F451}.Debug|x86.Build.0 = Debug|Win32
		{212D6379-3F36-4806-B0EF-AF05EC90F451}.Release|x64.ActiveCfg = Release|x64
		{212D6379-3F36-4806-B0EF-AF05EC90F451}.Release|x64.Build.0 = Release|x64
		{212D6379-3F36-4806-B0EF-AF05EC90F451}.Release|x86.ActiveCfg = Release|Win32
		{212D6379-3F36-4806-B0EF-AF05EC90F451}.Release|x86.Build.0 = Release|Win32
		{E26A1B25-CE4B-4B56-8155-C87AFAEC8E8C}.Debug|x64.ActiveCfg = Debug|x64
		{E26A1B25-CE4B-4B56-8155-C87AFAEC8E8C}.Debug|x64.Build.0 = Debug|x64
		{E26A1B25-CE4B-4B56-8155-C87AFAEC8E8C}.Debug|x86.ActiveCfg = Debug|Win32
		{E26A1B25-CE4B-4B56-8155-C87AFAEC8E8C}.Debug|x86.Build.0 = Debug|Win32
		{E26A1B25-CE4B-4B56-8155-C87AFAEC8E8C}.Release|x64.ActiveCfg = Release|x64
		{E26A1B25-CE4B-4B56-8155-C87AFAEC8E8C}.Release|x64.Build.0 = Release|x64
		{E26A1B25-CE4B-4B56-8155-C87AFAEC8E8C}.Release|x86.ActiveCfg = Release|Win32
		{E26A1B25-CE4B-4B56-8155-C87AFAEC8E8C}.Release|x86.Build.0 = Release|Win32
		{A8011160-E4EA-4248-A8F9-FB906CD36240}.Debug|x64.ActiveCfg = Debug|x64
		{A8011160-E4EA-4248-A8F9-FB906CD36240}.Debug|x64.Build.0 = Debug|x64
		{A8011160-E4EA-4248-A8F9-FB906CD36240}.Debug|x86.ActiveCfg = Debug|Win32
		{A8011160-E4EA-4248-A8F9-FB906CD36240}.Debug|x86.Build.0 = Debug|Win32
		{A8011160-E4EA-4248-A8F9-FB906CD36240}.Release|x64.ActiveCfg = Release|x64
		{A8011160-E4EA-4248-A8F9-FB906CD36240}.Release|x64.Build.0 = Release|x64
		{A8011160-E4EA-4248-A8F9-FB906CD36240}.Release|x86.ActiveCfg = Release|Win32
		{A8011160-E4EA-4248-A8F9-FB906CD36240}.Release|x86.Build.0 = Release|Win32
		{9B66639A-A522-4E2A-A21B-6C9617840E28}.Debug|x64.ActiveCfg = Debug|x64
		{9B66639A-A522-4E2A-A21B-6C9617840E28}.Debug|x64.Build.0 = Debug|x64
		{9B66639A-A522-4E2A-A21B-6C9617840E28}.Debug|x86.ActiveCfg = Debug|Win32
		{9B66639A-A522-4E2A-A21B-6C9617840E28}.Debug|x86.Build.0 = Debug|Win32
		{9B66639A-A522-4E2A-A21B-6C9617840E28}.Release|x64.ActiveCfg = Release|x64
		{9B66639A-A522-4E2A-A21B-6C9617840E28}.Release|x64.Build.0 = Release|x64
		{9B66639A-A522-4E2A-A21B-6C9617840E28}.Release|x86.ActiveCfg = Release|Win32
		{9B66639A-A522-4E2A-A21B-6C9617840E28}.Release|x86.Build.0 = Release|Win32
		{C49D3E8B-6A09-4BD9-8858-399A3AE7D755}.Debug|x64.ActiveCfg = Debug|x64
		{C49D3E8B-6A09-4BD9-8858-399A3AE7D755}.Debug|x64.Build.0 = Debug|x64
		{C49D3E8B-6A09-4BD9-8858-399A3AE7D755}.Debug|x86.ActiveCfg = Debug|Win32
		{C49D3E8B-6A09-4BD9-8858-399A3AE7D755}.Debug|x86.Build.0 = Debug|Win32
		{C49D3E8B-6A09-4BD9-8858-399A3AE7D755}.Release|x64.ActiveCfg = Release|x64
		{C49D3E8B-6A09-4BD9-8858-399A3AE7D755}.Release|x64.Build.0 = Release|x64
		{C49D3E8B-6A09-4BD9-8858-399A3AE7D755}.Release|x86.ActiveCfg = Release|Win32
		{C49D3E8B-6A09-4BD9-8858-399A3AE7D755}.Release|x86.Build.0 = Release|Win32
		{B37B454C-947E-4C28-9B59-312E93143A2A}.Debug|x64.ActiveCfg = Debug|x64
		{B37B454C-947E-4C28-9B59-312E93143A2A}.Debug|x64.Build.0 = Debug|x64
		{B37B454C-947E-4C28-9B59-312E93143A2A}.Debug|x86.ActiveCfg = Debug|Win32
		{B37B454C-947E-4C28-9B59-312E93143A2A}.Debug|x86.Build.0 = Debug|Win32
		{B37B454C-947E-4C28-9B59-312E93143A2A}.Release|x64.ActiveCfg = Release|x64
		{B37B454C-947E-4C28-9B59-312E93143A2A}.Release|x64.Build.0 = Release|x64
		{B37B454C-947E-4C28-9B59-312E93143A2A}.Release|x86.ActiveCfg = Release|Win32
		{B37B454C-947E-4C28-9B59-312E93143A2A}.Release|x86.Build.0 = Release|Win32
		{61320966-3273-4F04-82ED-556AC297EBA3}.Debug|x64.ActiveCfg = Debug|x64
		{61320966-3273-4F04-82ED-556AC297EBA3}.Debug|x64.Build.0 = Debug|x64
		{61320966-3273-4F04-82ED-556AC297EBA3}.Debug|x86.ActiveCfg = Debug|Win32
		{61320966-3273-4F04-82ED-556AC297EBA3}.Debug|x86.Build.0 = Debug|Win32
		{61320966-3273-4F04-82ED-556AC297EBA3}.Release|x64.ActiveCfg = Release|x64
		{61320966-3273-4F04-82ED-556AC297EBA3}.Release|x64.Build.0 = Release|x64
		{61320966-3273-4F04-82ED-556AC297EBA3}.Release|x86.ActiveCfg = Release|Win32
		{61320966-3273-4F04-82ED-556AC297EBA3}.Release|x86.Build.0 = Release|Win32
		{3153B772-E252-429A-B54A-E8E6F36DBDF6}.Debug|x64.ActiveCfg = Debug|x64
		{3153B772-E252-429A-B54A-E8E6F36DBDF6}.Debug|x64.Build.0 = Debug|x64
		{3153B772-E252-429A-B54A-E8E6F36DBDF6}.Debug|x86.ActiveCfg = Debug|Win32
		{3153B772-E252-429A-B54A-E8E6F36DBDF6}.Debug|x86.Build.0 = Debug|Win32
		{3153B772-E252-429A-B54A-E8E6F36DBDF6}.Release|x64.ActiveCfg = Release|x64
		{3153B772-E252-429A-B54A-E8E6F36DBDF6}.Release|x64.Build.0 = Release|x64
		{3153B772-E252-429A-B54A-E8E6F36DBDF6}.Release|x86.ActiveCfg = Release|Win32
		{3153B772-E252-429A-B54A-E8E6F36DBDF6}.Release|x86.Build.0 = Release|Win32
		{202DBB8D-D17D-4697-ACB0-779C929A3383}.Debug|x64.ActiveCfg = Debug|x64
		{202DBB8D-D17D-4697-ACB0-779C929A3383}.Debug|x64.Build.0 = Debug|x64
		{202DBB8D-D17D-4697-ACB0-779C929A3383}.Debug|x86.ActiveCfg = Debug|Win32
		{202DBB8D-D17D-4697-ACB0-779C929A3383}.Debug|x86.Build.0 = Debug|Win32
		{202DBB8D-D17D-4697-ACB0-779C929A3383}.Release|x64.ActiveCfg = Release|x64
		{202DBB8D-D17D-4697-ACB0-779C929A3383}.Release|x64.Build.0 = Release|x64
		{202DBB8D-D17D-4697-ACB0-779C929A3383}.Release|x86.ActiveCfg = Release|Win32
		{202DBB8D-D17D-4697-ACB0-779C929A3383}.Release|x86.Build.0 = Release|Win32
		{004A6F27-96BC-4824-B1D4-F9F910F0E57D}.Debug|x64.ActiveCfg = Debug|x64
		{004A6F27-96BC-4824-B1D4-F9F910F0E57D}.Debug|x64.Build.0 = Debug|x64
		{004A6F27-96BC-4824-B1D4-F9F910F0E57D}.Debug|x86.ActiveCfg = Debug|Win32
		{004A6F27-96BC-4824-B1D4-F9F910F0E57D}.Debug|x86.Build.0 = Debug|Win32
		{004A6F27-96BC-4824-B1D4-F9F910F0E57D}.Release|x64.ActiveCfg = Release|x64
		{004A6F27-96BC-4824-B1D4-F9F910F0E57D}.Release|x64.Build.0 = Release|x64
		{004A6F27-96BC-4824-B1D4-F9F910F0E57D}.Release|x86.ActiveCfg = Release|Win32
		{004A6F27-96BC-4824-B1D4-F9F910F0E57D}.Release|x86.Build.0 = Release|Win32
		{9BA6226C-FBFA-409F-9C00-ACCB824F4D58}.Debug|x64.ActiveCfg = Debug|x64
		{9BA6226C-FBFA-409F-9C00-ACCB824F4D58}.Debug|x64.Build.0 = Debug|x64
		{9BA6226C-FBFA-409F-9C00-ACCB824F4D58}.Debug|x86.ActiveCfg = Debug|Win32
		{9BA6226C-FBFA-409F-9C00-ACCB824F4D58}.Debug|x86.Build.0 = Debug|Win32
		{9BA6226C-FBFA-409F-9C00-ACCB824F4D58}.Release|x64.ActiveCfg = Release|x64
		{9BA6226C-FBFA-409F-9C00-ACCB824F4D58}.Release|x64.Build.0 = Release|x64
		{9BA6226C-FBFA-409F-9C00-ACCB824F4D58}.Release|x86.ActiveCfg = Release|Win32
		{9BA6226C-FBFA-409F-9C00-ACCB824F4D58}.Release|x86.Build.0 = Release|Win32
		{6A3EFA94-BA18-44E4-BB23-CCE6311254A0}.Debug|x64.ActiveCfg = Debug|x64
		{6A3EFA94-BA18-44E4-BB23-CCE6311254A0}.Debug|x64.Build.0 = Debug|x64
		{6A3EFA94-BA18-44E4-BB23-CCE6311254A0}.Debug|x86.ActiveCfg = Debug|Win32
		{6A3EFA94-BA18-44E4-BB23-CCE6311254A0}.Debug|x86.Build.0 = Debug|Win32
		{6A3EFA94-BA18-44E4-BB23-CCE6311254A0}.Release|x64.ActiveCfg = Release|x64
		{6A3EFA94-BA18-44E4-BB23-CCE6311254A0}.Release|x64.Build.0 = Release|x64
		{6A3EFA94-BA18-44E4-BB23-CCE6311254A0}.Release|x86.ActiveCfg = Release|Win32
		{6A3EFA94-BA18-44E4-BB23-CCE6311254A0}.Release|x86.Build.0 = Release|Win32
		{97ABF903-C22F-4B67-8483-95D071148661}.Debug|x64.ActiveCfg = Debug|x64
		{97ABF903-C22F-4B67-8483-95D071148661}.Debug|x64.Build.0 = Debug|x64
		{97ABF903-C22F-4B67-8483-95D071148661}.Debug|x86.ActiveCfg = Debug|Win32
		{97ABF903-C22F-4B67-8483-95D071148661}.Debug|x86.Build.0 = Debug|Win32
		{97ABF903-C22F-4B67-8483-95D071148661}.Release|x64.ActiveCfg = Release|x64
		{97ABF903-C22F-4B67-8483-95D071148661}.Release|x64.Build.0 = Release|x64
		{97ABF903-C22F-4B67-8483-95D071148661}.Release|x86.ActiveCfg = Release|Win32
		{97ABF903-C22F-4B67-8483-95D071148661}.Release|x86.Build.0 = Release|Win32
	EndGlobalSection
	GlobalSection(SolutionProperties) = preSolution
		HideSolutionNode = FALSE
	EndGlobalSection
	GlobalSection(ExtensibilityGlobals) = postSolution
		SolutionGuid = {E55492D5-EC7D-420D-95B6-27A70250F0EC}
	EndGlobalSection
EndGlobal
